{
  "name": "digital-forge-22_chrome-extensions_basics",
  "version": "1.0.0",
  "lockfileVersion": 3,
  "requires": true,
  "packages": {
    "": {
      "name": "digital-forge-22_chrome-extensions_basics",
      "version": "1.0.0",
      "license": "ISC",
      "dependencies": {
        "chrome-types": "^0.1.366"
      },
      "devDependencies": {
        "@types/chrome": "^0.1.1",
        "typescript": "^5.9.0-dev.20250730"
      }
    },
    "node_modules/@types/chrome": {
      "version": "0.1.1",
      "resolved": "https://registry.npmjs.org/@types/chrome/-/chrome-0.1.1.tgz",
      "integrity": "sha512-MLtFW++/n+OPQIaf5hA6pmURd3Zn+OxuvASyf2mYh8B8pHDpbhHjwlVHMw3H/aJC9Z7Z3itO0AFaZeegrGk0yA==",
      "dev": true,
      "license": "MIT",
      "dependencies": {
        "@types/filesystem": "*",
        "@types/har-format": "*"
      }
    },
    "node_modules/@types/filesystem": {
      "version": "0.0.36",
      "resolved": "https://registry.npmjs.org/@types/filesystem/-/filesystem-0.0.36.tgz",
      "integrity": "sha512-vPDXOZuannb9FZdxgHnqSwAG/jvdGM8Wq+6N4D/d80z+D4HWH+bItqsZaVRQykAn6WEVeEkLm2oQigyHtgb0RA==",
      "dev": true,
      "license": "MIT",
      "dependencies": {
        "@types/filewriter": "*"
      }
    },
    "node_modules/@types/filewriter": {
      "version": "0.0.33",
      "resolved": "https://registry.npmjs.org/@types/filewriter/-/filewriter-0.0.33.tgz",
      "integrity": "sha512-xFU8ZXTw4gd358lb2jw25nxY9QAgqn2+bKKjKOYfNCzN4DKCFetK7sPtrlpg66Ywe3vWY9FNxprZawAh9wfJ3g==",
      "dev": true,
      "license": "MIT"
    },
    "node_modules/@types/har-format": {
      "version": "1.2.16",
      "resolved": "https://registry.npmjs.org/@types/har-format/-/har-format-1.2.16.tgz",
      "integrity": "sha512-fluxdy7ryD3MV6h8pTfTYpy/xQzCFC7m89nOH9y94cNqJ1mDIDPut7MnRHI3F6qRmh/cT2fUjG1MLdCNb4hE9A==",
      "dev": true,
      "license": "MIT"
    },
    "node_modules/chrome-types": {
      "version": "0.1.366",
      "resolved": "https://registry.npmjs.org/chrome-types/-/chrome-types-0.1.366.tgz",
      "integrity": "sha512-BDP/stS4FgHfUpOfCyB8wSDZnK58xU6nCSHPSQBTQ0EjW0Ny2kNF0RkgMc2qISi26CgUuqmv+E4tTFlY6PF5Pg==",
      "license": "Apache-2.0"
    },
    "node_modules/typescript": {
      "version": "5.9.0-dev.20250730",
      "resolved": "https://registry.npmjs.org/typescript/-/typescript-5.9.0-dev.20250730.tgz",
      "integrity": "sha512-brbHw/oBNWtx1+RReHe8IeT6fHPAPe0TIyQKyaRR+A3k2LiMKow/3pK6upC8lD51q9ySdFquN3040oWIQBTaBQ==",
      "dev": true,
      "license": "Apache-2.0",
      "bin": {
        "tsc": "bin/tsc",
        "tsserver": "bin/tsserver"
      },
      "engines": {
        "node": ">=14.17"
      }
    }
  }
}
